
Microsoft Visual Studio Solution File, Format Version 12.00
# Visual Studio Version 17
VisualStudioVersion = 17.4.33027.239
MinimumVisualStudioVersion = 10.0.40219.1
Project("{FAE04EC0-301F-11D3-BF4B-00C04F79EFBC}") = "All1", "All1\All1.csproj", "{B3B3DC3E-D196-4F30-9F80-0F7C15C82697}"
EndProject
Global
	GlobalSection(SolutionConfigurationPlatforms) = preSolution
		Debug|Any CPU = Debug|Any CPU
		Release|Any CPU = Release|Any CPU
	EndGlobalSection
	GlobalSection(ProjectConfigurationPlatforms) = postSolution
		{B3B3DC3E-D196-4F30-9F80-0F7C15C82697}.Debug|Any CPU.ActiveCfg = Debug|Any CPU
		{B3B3DC3E-D196-4F30-9F80-0F7C15C82697}.Debug|Any CPU.Build.0 = Debug|Any CPU
		{B3B3DC3E-D196-4F30-9F80-0F7C15C82697}.Release|Any CPU.ActiveCfg = Release|Any CPU
		{B3B3DC3E-D196-4F30-9F80-0F7C15C82697}.Release|Any CPU.Build.0 = Release|Any CPU
	EndGlobalSection
	GlobalSection(SolutionProperties) = preSolution
		HideSolutionNode = FALSE
	EndGlobalSection
	GlobalSection(ExtensibilityGlobals) = postSolution
		SolutionGuid = {4FBB749C-B9CC-4C35-8BF1-7158042858EC}
	EndGlobalSection
EndGlobal
