
Microsoft Visual Studio Solution File, Format Version 12.00
# Visual Studio Version 17
VisualStudioVersion = 17.4.33205.214
MinimumVisualStudioVersion = 10.0.40219.1
Project("{FAE04EC0-301F-11D3-BF4B-00C04F79EFBC}") = "GroupBy2", "GroupBy2\GroupBy2.csproj", "{23FFD8B2-56DE-4967-BCA7-7CA58A307F51}"
EndProject
Global
	GlobalSection(SolutionConfigurationPlatforms) = preSolution
		Debug|Any CPU = Debug|Any CPU
		Release|Any CPU = Release|Any CPU
	EndGlobalSection
	GlobalSection(ProjectConfigurationPlatforms) = postSolution
		{23FFD8B2-56DE-4967-BCA7-7CA58A307F51}.Debug|Any CPU.ActiveCfg = Debug|Any CPU
		{23FFD8B2-56DE-4967-BCA7-7CA58A307F51}.Debug|Any CPU.Build.0 = Debug|Any CPU
		{23FFD8B2-56DE-4967-BCA7-7CA58A307F51}.Release|Any CPU.ActiveCfg = Release|Any CPU
		{23FFD8B2-56DE-4967-BCA7-7CA58A307F51}.Release|Any CPU.Build.0 = Release|Any CPU
	EndGlobalSection
	GlobalSection(SolutionProperties) = preSolution
		HideSolutionNode = FALSE
	EndGlobalSection
	GlobalSection(ExtensibilityGlobals) = postSolution
		SolutionGuid = {A8E92FD2-45FE-4097-912B-2FD2BAF24722}
	EndGlobalSection
EndGlobal
