
Microsoft Visual Studio Solution File, Format Version 12.00
# Visual Studio Version 17
VisualStudioVersion = 17.4.33205.214
MinimumVisualStudioVersion = 10.0.40219.1
Project("{FAE04EC0-301F-11D3-BF4B-00C04F79EFBC}") = "Order1", "Order1\Order1.csproj", "{3D86DDDF-5400-40F0-AB93-461CC34C0F98}"
EndProject
Global
	GlobalSection(SolutionConfigurationPlatforms) = preSolution
		Debug|Any CPU = Debug|Any CPU
		Release|Any CPU = Release|Any CPU
	EndGlobalSection
	GlobalSection(ProjectConfigurationPlatforms) = postSolution
		{3D86DDDF-5400-40F0-AB93-461CC34C0F98}.Debug|Any CPU.ActiveCfg = Debug|Any CPU
		{3D86DDDF-5400-40F0-AB93-461CC34C0F98}.Debug|Any CPU.Build.0 = Debug|Any CPU
		{3D86DDDF-5400-40F0-AB93-461CC34C0F98}.Release|Any CPU.ActiveCfg = Release|Any CPU
		{3D86DDDF-5400-40F0-AB93-461CC34C0F98}.Release|Any CPU.Build.0 = Release|Any CPU
	EndGlobalSection
	GlobalSection(SolutionProperties) = preSolution
		HideSolutionNode = FALSE
	EndGlobalSection
	GlobalSection(ExtensibilityGlobals) = postSolution
		SolutionGuid = {52D059E9-5785-4877-8843-BEF0D0858FD8}
	EndGlobalSection
EndGlobal
