
Microsoft Visual Studio Solution File, Format Version 12.00
# Visual Studio Version 17
VisualStudioVersion = 17.4.33027.239
MinimumVisualStudioVersion = 10.0.40219.1
Project("{FAE04EC0-301F-11D3-BF4B-00C04F79EFBC}") = "Any1", "Any1\Any1.csproj", "{A7FA6340-16E5-443F-8AC4-4C0B43F2779C}"
EndProject
Global
	GlobalSection(SolutionConfigurationPlatforms) = preSolution
		Debug|Any CPU = Debug|Any CPU
		Release|Any CPU = Release|Any CPU
	EndGlobalSection
	GlobalSection(ProjectConfigurationPlatforms) = postSolution
		{A7FA6340-16E5-443F-8AC4-4C0B43F2779C}.Debug|Any CPU.ActiveCfg = Debug|Any CPU
		{A7FA6340-16E5-443F-8AC4-4C0B43F2779C}.Debug|Any CPU.Build.0 = Debug|Any CPU
		{A7FA6340-16E5-443F-8AC4-4C0B43F2779C}.Release|Any CPU.ActiveCfg = Release|Any CPU
		{A7FA6340-16E5-443F-8AC4-4C0B43F2779C}.Release|Any CPU.Build.0 = Release|Any CPU
	EndGlobalSection
	GlobalSection(SolutionProperties) = preSolution
		HideSolutionNode = FALSE
	EndGlobalSection
	GlobalSection(ExtensibilityGlobals) = postSolution
		SolutionGuid = {1A13F7FD-5592-415C-8B43-E06CB08870DC}
	EndGlobalSection
EndGlobal
