
Microsoft Visual Studio Solution File, Format Version 12.00
# Visual Studio Version 17
VisualStudioVersion = 17.4.33103.184
MinimumVisualStudioVersion = 10.0.40219.1
Project("{FAE04EC0-301F-11D3-BF4B-00C04F79EFBC}") = "Chunk1", "Chunk1\Chunk1.csproj", "{B73E527D-29F8-49F6-B3EC-170538CBEDCC}"
EndProject
Global
	GlobalSection(SolutionConfigurationPlatforms) = preSolution
		Debug|Any CPU = Debug|Any CPU
		Release|Any CPU = Release|Any CPU
	EndGlobalSection
	GlobalSection(ProjectConfigurationPlatforms) = postSolution
		{B73E527D-29F8-49F6-B3EC-170538CBEDCC}.Debug|Any CPU.ActiveCfg = Debug|Any CPU
		{B73E527D-29F8-49F6-B3EC-170538CBEDCC}.Debug|Any CPU.Build.0 = Debug|Any CPU
		{B73E527D-29F8-49F6-B3EC-170538CBEDCC}.Release|Any CPU.ActiveCfg = Release|Any CPU
		{B73E527D-29F8-49F6-B3EC-170538CBEDCC}.Release|Any CPU.Build.0 = Release|Any CPU
	EndGlobalSection
	GlobalSection(SolutionProperties) = preSolution
		HideSolutionNode = FALSE
	EndGlobalSection
	GlobalSection(ExtensibilityGlobals) = postSolution
		SolutionGuid = {19964EEF-111C-4A57-8A76-8532D096F152}
	EndGlobalSection
EndGlobal
