
Microsoft Visual Studio Solution File, Format Version 12.00
# Visual Studio Version 17
VisualStudioVersion = 17.4.33103.184
MinimumVisualStudioVersion = 10.0.40219.1
Project("{FAE04EC0-301F-11D3-BF4B-00C04F79EFBC}") = "AsEnumerable1", "AsEnumerable1\AsEnumerable1.csproj", "{F396FB9E-2AB4-4E28-8330-AFC88DDBA585}"
EndProject
Global
	GlobalSection(SolutionConfigurationPlatforms) = preSolution
		Debug|Any CPU = Debug|Any CPU
		Release|Any CPU = Release|Any CPU
	EndGlobalSection
	GlobalSection(ProjectConfigurationPlatforms) = postSolution
		{F396FB9E-2AB4-4E28-8330-AFC88DDBA585}.Debug|Any CPU.ActiveCfg = Debug|Any CPU
		{F396FB9E-2AB4-4E28-8330-AFC88DDBA585}.Debug|Any CPU.Build.0 = Debug|Any CPU
		{F396FB9E-2AB4-4E28-8330-AFC88DDBA585}.Release|Any CPU.ActiveCfg = Release|Any CPU
		{F396FB9E-2AB4-4E28-8330-AFC88DDBA585}.Release|Any CPU.Build.0 = Release|Any CPU
	EndGlobalSection
	GlobalSection(SolutionProperties) = preSolution
		HideSolutionNode = FALSE
	EndGlobalSection
	GlobalSection(ExtensibilityGlobals) = postSolution
		SolutionGuid = {85341BDF-1AB4-4E8C-B77E-46434EAEC1EE}
	EndGlobalSection
EndGlobal
