
Microsoft Visual Studio Solution File, Format Version 12.00
# Visual Studio Version 17
VisualStudioVersion = 17.4.33103.184
MinimumVisualStudioVersion = 10.0.40219.1
Project("{FAE04EC0-301F-11D3-BF4B-00C04F79EFBC}") = "Cast1", "Cast1\Cast1.csproj", "{BCB3780B-2A3D-4D81-A9AF-6E91B419E480}"
EndProject
Global
	GlobalSection(SolutionConfigurationPlatforms) = preSolution
		Debug|Any CPU = Debug|Any CPU
		Release|Any CPU = Release|Any CPU
	EndGlobalSection
	GlobalSection(ProjectConfigurationPlatforms) = postSolution
		{BCB3780B-2A3D-4D81-A9AF-6E91B419E480}.Debug|Any CPU.ActiveCfg = Debug|Any CPU
		{BCB3780B-2A3D-4D81-A9AF-6E91B419E480}.Debug|Any CPU.Build.0 = Debug|Any CPU
		{BCB3780B-2A3D-4D81-A9AF-6E91B419E480}.Release|Any CPU.ActiveCfg = Release|Any CPU
		{BCB3780B-2A3D-4D81-A9AF-6E91B419E480}.Release|Any CPU.Build.0 = Release|Any CPU
	EndGlobalSection
	GlobalSection(SolutionProperties) = preSolution
		HideSolutionNode = FALSE
	EndGlobalSection
	GlobalSection(ExtensibilityGlobals) = postSolution
		SolutionGuid = {052FF1E4-49A4-49E8-9839-49508530F1C0}
	EndGlobalSection
EndGlobal
