
Microsoft Visual Studio Solution File, Format Version 12.00
# Visual Studio Version 17
VisualStudioVersion = 17.4.33205.214
MinimumVisualStudioVersion = 10.0.40219.1
Project("{FAE04EC0-301F-11D3-BF4B-00C04F79EFBC}") = "MinMax2", "MinMax2\MinMax2.csproj", "{8D9ADF3D-6AC3-4932-BCBF-4FBAA06D416E}"
EndProject
Global
	GlobalSection(SolutionConfigurationPlatforms) = preSolution
		Debug|Any CPU = Debug|Any CPU
		Release|Any CPU = Release|Any CPU
	EndGlobalSection
	GlobalSection(ProjectConfigurationPlatforms) = postSolution
		{8D9ADF3D-6AC3-4932-BCBF-4FBAA06D416E}.Debug|Any CPU.ActiveCfg = Debug|Any CPU
		{8D9ADF3D-6AC3-4932-BCBF-4FBAA06D416E}.Debug|Any CPU.Build.0 = Debug|Any CPU
		{8D9ADF3D-6AC3-4932-BCBF-4FBAA06D416E}.Release|Any CPU.ActiveCfg = Release|Any CPU
		{8D9ADF3D-6AC3-4932-BCBF-4FBAA06D416E}.Release|Any CPU.Build.0 = Release|Any CPU
	EndGlobalSection
	GlobalSection(SolutionProperties) = preSolution
		HideSolutionNode = FALSE
	EndGlobalSection
	GlobalSection(ExtensibilityGlobals) = postSolution
		SolutionGuid = {9AA73B2D-64C0-489B-B2A6-10E1B31CD04D}
	EndGlobalSection
EndGlobal
