
Microsoft Visual Studio Solution File, Format Version 12.00
# Visual Studio Version 17
VisualStudioVersion = 17.4.33205.214
MinimumVisualStudioVersion = 10.0.40219.1
Project("{FAE04EC0-301F-11D3-BF4B-00C04F79EFBC}") = "Skip1", "Skip1\Skip1.csproj", "{74943D8A-622E-4046-87B8-ABF3F538CADD}"
EndProject
Global
	GlobalSection(SolutionConfigurationPlatforms) = preSolution
		Debug|Any CPU = Debug|Any CPU
		Release|Any CPU = Release|Any CPU
	EndGlobalSection
	GlobalSection(ProjectConfigurationPlatforms) = postSolution
		{74943D8A-622E-4046-87B8-ABF3F538CADD}.Debug|Any CPU.ActiveCfg = Debug|Any CPU
		{74943D8A-622E-4046-87B8-ABF3F538CADD}.Debug|Any CPU.Build.0 = Debug|Any CPU
		{74943D8A-622E-4046-87B8-ABF3F538CADD}.Release|Any CPU.ActiveCfg = Release|Any CPU
		{74943D8A-622E-4046-87B8-ABF3F538CADD}.Release|Any CPU.Build.0 = Release|Any CPU
	EndGlobalSection
	GlobalSection(SolutionProperties) = preSolution
		HideSolutionNode = FALSE
	EndGlobalSection
	GlobalSection(ExtensibilityGlobals) = postSolution
		SolutionGuid = {9533F104-A879-4FF5-874B-A983202662EB}
	EndGlobalSection
EndGlobal
