
Microsoft Visual Studio Solution File, Format Version 12.00
# Visual Studio Version 17
VisualStudioVersion = 17.4.33205.214
MinimumVisualStudioVersion = 10.0.40219.1
Project("{FAE04EC0-301F-11D3-BF4B-00C04F79EFBC}") = "Except1", "Except1\Except1.csproj", "{5A562EF6-8F76-4773-85A1-B11FD3A5B10A}"
EndProject
Global
	GlobalSection(SolutionConfigurationPlatforms) = preSolution
		Debug|Any CPU = Debug|Any CPU
		Release|Any CPU = Release|Any CPU
	EndGlobalSection
	GlobalSection(ProjectConfigurationPlatforms) = postSolution
		{5A562EF6-8F76-4773-85A1-B11FD3A5B10A}.Debug|Any CPU.ActiveCfg = Debug|Any CPU
		{5A562EF6-8F76-4773-85A1-B11FD3A5B10A}.Debug|Any CPU.Build.0 = Debug|Any CPU
		{5A562EF6-8F76-4773-85A1-B11FD3A5B10A}.Release|Any CPU.ActiveCfg = Release|Any CPU
		{5A562EF6-8F76-4773-85A1-B11FD3A5B10A}.Release|Any CPU.Build.0 = Release|Any CPU
	EndGlobalSection
	GlobalSection(SolutionProperties) = preSolution
		HideSolutionNode = FALSE
	EndGlobalSection
	GlobalSection(ExtensibilityGlobals) = postSolution
		SolutionGuid = {013DDE74-DB9E-4E94-AB1F-F6091676CDCB}
	EndGlobalSection
EndGlobal
