
Microsoft Visual Studio Solution File, Format Version 12.00
# Visual Studio Version 17
VisualStudioVersion = 17.4.33103.184
MinimumVisualStudioVersion = 10.0.40219.1
Project("{FAE04EC0-301F-11D3-BF4B-00C04F79EFBC}") = "Concat1", "Concat1\Concat1.csproj", "{28899BDC-1551-415D-AE45-C8FB9E14516C}"
EndProject
Global
	GlobalSection(SolutionConfigurationPlatforms) = preSolution
		Debug|Any CPU = Debug|Any CPU
		Release|Any CPU = Release|Any CPU
	EndGlobalSection
	GlobalSection(ProjectConfigurationPlatforms) = postSolution
		{28899BDC-1551-415D-AE45-C8FB9E14516C}.Debug|Any CPU.ActiveCfg = Debug|Any CPU
		{28899BDC-1551-415D-AE45-C8FB9E14516C}.Debug|Any CPU.Build.0 = Debug|Any CPU
		{28899BDC-1551-415D-AE45-C8FB9E14516C}.Release|Any CPU.ActiveCfg = Release|Any CPU
		{28899BDC-1551-415D-AE45-C8FB9E14516C}.Release|Any CPU.Build.0 = Release|Any CPU
	EndGlobalSection
	GlobalSection(SolutionProperties) = preSolution
		HideSolutionNode = FALSE
	EndGlobalSection
	GlobalSection(ExtensibilityGlobals) = postSolution
		SolutionGuid = {4B988662-3018-46F0-B161-9E65282EEB45}
	EndGlobalSection
EndGlobal
