
Microsoft Visual Studio Solution File, Format Version 12.00
# Visual Studio Version 17
VisualStudioVersion = 17.4.33205.214
MinimumVisualStudioVersion = 10.0.40219.1
Project("{FAE04EC0-301F-11D3-BF4B-00C04F79EFBC}") = "GroupBy1", "GroupBy1\GroupBy1.csproj", "{26208EA1-E764-4341-82DF-07EBFC7F47F3}"
EndProject
Global
	GlobalSection(SolutionConfigurationPlatforms) = preSolution
		Debug|Any CPU = Debug|Any CPU
		Release|Any CPU = Release|Any CPU
	EndGlobalSection
	GlobalSection(ProjectConfigurationPlatforms) = postSolution
		{26208EA1-E764-4341-82DF-07EBFC7F47F3}.Debug|Any CPU.ActiveCfg = Debug|Any CPU
		{26208EA1-E764-4341-82DF-07EBFC7F47F3}.Debug|Any CPU.Build.0 = Debug|Any CPU
		{26208EA1-E764-4341-82DF-07EBFC7F47F3}.Release|Any CPU.ActiveCfg = Release|Any CPU
		{26208EA1-E764-4341-82DF-07EBFC7F47F3}.Release|Any CPU.Build.0 = Release|Any CPU
	EndGlobalSection
	GlobalSection(SolutionProperties) = preSolution
		HideSolutionNode = FALSE
	EndGlobalSection
	GlobalSection(ExtensibilityGlobals) = postSolution
		SolutionGuid = {18DF2356-10DC-4B00-963F-74A72DF1D08B}
	EndGlobalSection
EndGlobal
